
Microsoft Visual Studio Solution File, Format Version 12.00
# Visual Studio Version 16
VisualStudioVersion = 16.0.29006.145
MinimumVisualStudioVersion = 10.0.40219.1
Project("{9A19103F-16F7-4668-BE54-9A1E7A4F7556}") = "JRepo.Core", "JRepo.Core\JRepo.Core.csproj", "{BC333A0D-5EEF-43D3-BC4A-664607FB68BA}"
EndProject
Project("{9A19103F-16F7-4668-BE54-9A1E7A4F7556}") = "JRepo.MongoDb", "JRepo.MongoDb\JRepo.MongoDb.csproj", "{99EB0C36-A544-4202-99B0-8767E65BF9B7}"
	ProjectSection(ProjectDependencies) = postProject
		{BC333A0D-5EEF-43D3-BC4A-664607FB68BA} = {BC333A0D-5EEF-43D3-BC4A-664607FB68BA}
	EndProjectSection
EndProject
Project("{9A19103F-16F7-4668-BE54-9A1E7A4F7556}") = "JRepo.AspNet", "JRepo.AspNet\JRepo.AspNet.csproj", "{790CB2E2-A630-4E03-A3DC-90C41265F606}"
EndProject
Project("{9A19103F-16F7-4668-BE54-9A1E7A4F7556}") = "JRepo.MongoDb.AspNet", "JRepo.MongoDb.AspNet\JRepo.MongoDb.AspNet.csproj", "{8BAD1C69-0E71-447D-9541-0305EC8158AE}"
	ProjectSection(ProjectDependencies) = postProject
		{99EB0C36-A544-4202-99B0-8767E65BF9B7} = {99EB0C36-A544-4202-99B0-8767E65BF9B7}
		{790CB2E2-A630-4E03-A3DC-90C41265F606} = {790CB2E2-A630-4E03-A3DC-90C41265F606}
	EndProjectSection
EndProject
Project("{FAE04EC0-301F-11D3-BF4B-00C04F79EFBC}") = "JRepo.InMemory", "JRepo.InMemory\JRepo.InMemory.csproj", "{3018182C-AD46-4CBC-A0BB-02EF4C6AD683}"
EndProject
Project("{2150E333-8FDC-42A3-9474-1A3956D46DE8}") = "InMemory", "InMemory", "{841EE640-D8EA-4C70-8099-6990BCFEAF3C}"
EndProject
Project("{FAE04EC0-301F-11D3-BF4B-00C04F79EFBC}") = "JRepo.InMemory.Test", "JRepo.InMemory.Test\JRepo.InMemory.Test.csproj", "{1A07399D-712C-4AEF-959D-D948A1E7CA2A}"
EndProject
Global
	GlobalSection(SolutionConfigurationPlatforms) = preSolution
		Debug|Any CPU = Debug|Any CPU
		Release|Any CPU = Release|Any CPU
	EndGlobalSection
	GlobalSection(ProjectConfigurationPlatforms) = postSolution
		{BC333A0D-5EEF-43D3-BC4A-664607FB68BA}.Debug|Any CPU.ActiveCfg = Debug|Any CPU
		{BC333A0D-5EEF-43D3-BC4A-664607FB68BA}.Debug|Any CPU.Build.0 = Debug|Any CPU
		{BC333A0D-5EEF-43D3-BC4A-664607FB68BA}.Release|Any CPU.ActiveCfg = Release|Any CPU
		{BC333A0D-5EEF-43D3-BC4A-664607FB68BA}.Release|Any CPU.Build.0 = Release|Any CPU
		{99EB0C36-A544-4202-99B0-8767E65BF9B7}.Debug|Any CPU.ActiveCfg = Debug|Any CPU
		{99EB0C36-A544-4202-99B0-8767E65BF9B7}.Debug|Any CPU.Build.0 = Debug|Any CPU
		{99EB0C36-A544-4202-99B0-8767E65BF9B7}.Release|Any CPU.ActiveCfg = Release|Any CPU
		{99EB0C36-A544-4202-99B0-8767E65BF9B7}.Release|Any CPU.Build.0 = Release|Any CPU
		{790CB2E2-A630-4E03-A3DC-90C41265F606}.Debug|Any CPU.ActiveCfg = Debug|Any CPU
		{790CB2E2-A630-4E03-A3DC-90C41265F606}.Debug|Any CPU.Build.0 = Debug|Any CPU
		{790CB2E2-A630-4E03-A3DC-90C41265F606}.Release|Any CPU.ActiveCfg = Release|Any CPU
		{790CB2E2-A630-4E03-A3DC-90C41265F606}.Release|Any CPU.Build.0 = Release|Any CPU
		{8BAD1C69-0E71-447D-9541-0305EC8158AE}.Debug|Any CPU.ActiveCfg = Debug|Any CPU
		{8BAD1C69-0E71-447D-9541-0305EC8158AE}.Debug|Any CPU.Build.0 = Debug|Any CPU
		{8BAD1C69-0E71-447D-9541-0305EC8158AE}.Release|Any CPU.ActiveCfg = Release|Any CPU
		{8BAD1C69-0E71-447D-9541-0305EC8158AE}.Release|Any CPU.Build.0 = Release|Any CPU
		{3018182C-AD46-4CBC-A0BB-02EF4C6AD683}.Debug|Any CPU.ActiveCfg = Debug|Any CPU
		{3018182C-AD46-4CBC-A0BB-02EF4C6AD683}.Debug|Any CPU.Build.0 = Debug|Any CPU
		{3018182C-AD46-4CBC-A0BB-02EF4C6AD683}.Release|Any CPU.ActiveCfg = Release|Any CPU
		{3018182C-AD46-4CBC-A0BB-02EF4C6AD683}.Release|Any CPU.Build.0 = Release|Any CPU
		{1A07399D-712C-4AEF-959D-D948A1E7CA2A}.Debug|Any CPU.ActiveCfg = Debug|Any CPU
		{1A07399D-712C-4AEF-959D-D948A1E7CA2A}.Debug|Any CPU.Build.0 = Debug|Any CPU
		{1A07399D-712C-4AEF-959D-D948A1E7CA2A}.Release|Any CPU.ActiveCfg = Release|Any CPU
		{1A07399D-712C-4AEF-959D-D948A1E7CA2A}.Release|Any CPU.Build.0 = Release|Any CPU
	EndGlobalSection
	GlobalSection(SolutionProperties) = preSolution
		HideSolutionNode = FALSE
	EndGlobalSection
	GlobalSection(ExtensibilityGlobals) = postSolution
		SolutionGuid = {1B6A7D2A-1391-4199-935D-6BE69D5D3BD1}
	EndGlobalSection
	GlobalSection(NestedProjects) = preSolution
		{3018182C-AD46-4CBC-A0BB-02EF4C6AD683} = {841EE640-D8EA-4C70-8099-6990BCFEAF3C}
		{1A07399D-712C-4AEF-959D-D948A1E7CA2A} = {841EE640-D8EA-4C70-8099-6990BCFEAF3C}
	EndGlobalSection
EndGlobal
